
Microsoft Visual Studio Solution File, Format Version 11.00
# Visual Web Developer Express 2010
Project("{F184B08F-C81C-45F6-A57F-5ABD9991F28F}") = "zextdevapp1", "zextdevapp1\zextdevapp1.vbproj", "{640176CD-222E-4C95-A3A7-6E8235E937A5}"
EndProject
Global
	GlobalSection(SolutionConfigurationPlatforms) = preSolution
		Debug|Any CPU = Debug|Any CPU
		Release|Any CPU = Release|Any CPU
	EndGlobalSection
	GlobalSection(ProjectConfigurationPlatforms) = postSolution
		{640176CD-222E-4C95-A3A7-6E8235E937A5}.Debug|Any CPU.ActiveCfg = Debug|Any CPU
		{640176CD-222E-4C95-A3A7-6E8235E937A5}.Debug|Any CPU.Build.0 = Debug|Any CPU
		{640176CD-222E-4C95-A3A7-6E8235E937A5}.Release|Any CPU.ActiveCfg = Release|Any CPU
		{640176CD-222E-4C95-A3A7-6E8235E937A5}.Release|Any CPU.Build.0 = Release|Any CPU
	EndGlobalSection
	GlobalSection(SolutionProperties) = preSolution
		HideSolutionNode = FALSE
	EndGlobalSection
EndGlobal
